
Microsoft Visual Studio Solution File, Format Version 12.00
# Visual Studio Version 16
VisualStudioVersion = 16.0.32510.428
MinimumVisualStudioVersion = 10.0.40219.1
Project("{FAE04EC0-301F-11D3-BF4B-00C04F79EFBC}") = "Craftopia_Izuna_Mod", "Craftopia_Izuna_Mod\Craftopia_Izuna_Mod.csproj", "{D99EBCA8-BBCA-4CCD-BDED-A5CECBF1A46B}"
EndProject
Global
	GlobalSection(SolutionConfigurationPlatforms) = preSolution
		Debug|Any CPU = Debug|Any CPU
		Release|Any CPU = Release|Any CPU
	EndGlobalSection
	GlobalSection(ProjectConfigurationPlatforms) = postSolution
		{D99EBCA8-BBCA-4CCD-BDED-A5CECBF1A46B}.Debug|Any CPU.ActiveCfg = Debug|Any CPU
		{D99EBCA8-BBCA-4CCD-BDED-A5CECBF1A46B}.Debug|Any CPU.Build.0 = Debug|Any CPU
		{D99EBCA8-BBCA-4CCD-BDED-A5CECBF1A46B}.Release|Any CPU.ActiveCfg = Release|Any CPU
		{D99EBCA8-BBCA-4CCD-BDED-A5CECBF1A46B}.Release|Any CPU.Build.0 = Release|Any CPU
	EndGlobalSection
	GlobalSection(SolutionProperties) = preSolution
		HideSolutionNode = FALSE
	EndGlobalSection
	GlobalSection(ExtensibilityGlobals) = postSolution
		SolutionGuid = {EC238EA8-4615-4850-9B39-97EDE8D47F48}
	EndGlobalSection
EndGlobal
